
Microsoft Visual Studio Solution File, Format Version 12.00
# Visual Studio 15
VisualStudioVersion = 15.0.27130.2010
MinimumVisualStudioVersion = 10.0.40219.1
Project("{FAE04EC0-301F-11D3-BF4B-00C04F79EFBC}") = "TileMapDownloader", "TileMapDownloader\TileMapDownloader.csproj", "{A22694D4-DB85-4438-92B2-12BA3869E6C5}"
EndProject
Global
	GlobalSection(SolutionConfigurationPlatforms) = preSolution
		Debug|Any CPU = Debug|Any CPU
		Release|Any CPU = Release|Any CPU
	EndGlobalSection
	GlobalSection(ProjectConfigurationPlatforms) = postSolution
		{A22694D4-DB85-4438-92B2-12BA3869E6C5}.Debug|Any CPU.ActiveCfg = Debug|Any CPU
		{A22694D4-DB85-4438-92B2-12BA3869E6C5}.Debug|Any CPU.Build.0 = Debug|Any CPU
		{A22694D4-DB85-4438-92B2-12BA3869E6C5}.Release|Any CPU.ActiveCfg = Release|Any CPU
		{A22694D4-DB85-4438-92B2-12BA3869E6C5}.Release|Any CPU.Build.0 = Release|Any CPU
	EndGlobalSection
	GlobalSection(SolutionProperties) = preSolution
		HideSolutionNode = FALSE
	EndGlobalSection
	GlobalSection(ExtensibilityGlobals) = postSolution
		SolutionGuid = {A98A0FA2-A099-4070-A7BC-1F4BF3CC483C}
	EndGlobalSection
EndGlobal
